
Microsoft Visual Studio Solution File, Format Version 12.00
# Visual Studio 14
VisualStudioVersion = 14.0.25420.1
MinimumVisualStudioVersion = 10.0.40219.1
Project("{FAE04EC0-301F-11D3-BF4B-00C04F79EFBC}") = "Part B", "Part B\Part B.csproj", "{D003FF78-7046-48DD-89F4-ED102BDFAC90}"
EndProject
Project("{FAE04EC0-301F-11D3-BF4B-00C04F79EFBC}") = "Part B.Tests", "Part B.Tests\Part B.Tests.csproj", "{026BB16A-39D4-40F2-86C2-2724EDAFA268}"
EndProject
Global
	GlobalSection(SolutionConfigurationPlatforms) = preSolution
		Debug|Any CPU = Debug|Any CPU
		Release|Any CPU = Release|Any CPU
	EndGlobalSection
	GlobalSection(ProjectConfigurationPlatforms) = postSolution
		{D003FF78-7046-48DD-89F4-ED102BDFAC90}.Debug|Any CPU.ActiveCfg = Debug|Any CPU
		{D003FF78-7046-48DD-89F4-ED102BDFAC90}.Debug|Any CPU.Build.0 = Debug|Any CPU
		{D003FF78-7046-48DD-89F4-ED102BDFAC90}.Release|Any CPU.ActiveCfg = Release|Any CPU
		{D003FF78-7046-48DD-89F4-ED102BDFAC90}.Release|Any CPU.Build.0 = Release|Any CPU
		{026BB16A-39D4-40F2-86C2-2724EDAFA268}.Debug|Any CPU.ActiveCfg = Debug|Any CPU
		{026BB16A-39D4-40F2-86C2-2724EDAFA268}.Debug|Any CPU.Build.0 = Debug|Any CPU
		{026BB16A-39D4-40F2-86C2-2724EDAFA268}.Release|Any CPU.ActiveCfg = Release|Any CPU
		{026BB16A-39D4-40F2-86C2-2724EDAFA268}.Release|Any CPU.Build.0 = Release|Any CPU
	EndGlobalSection
	GlobalSection(SolutionProperties) = preSolution
		HideSolutionNode = FALSE
	EndGlobalSection
EndGlobal
